github.com/Sirupsen/logrus v1.0.6 h1:HCAGQRk48dRVPA5Y+Yh0qdCSTzPOyU1tBJ7Q9YzotII=
github.com/Sirupsen/logrus v1.0.6/go.mod h1:rmk17hk6i8ZSAJkSDa7nOxamrG+SP4P0mm+DAvExv4U=
github.com/TIBCOSoftware/flogo-contrib v0.5.6 h1:V79AXtbQr5T7ePf7kZTbm6bZIWJzVj+OAZc6O6dulnc=
github.com/TIBCOSoftware/flogo-contrib v0.5.6/go.mod h1:gWcVjvpNFzoQy9puLgyJaLHzJaxqhkoJ8yctKTVX5K4=
github.com/TIBCOSoftware/flogo-lib v0.5.6 h1:DkwYmp+bgZpJu31EzGphgO6hb7rQH7idnEgC4FuyF24=
github.com/TIBCOSoftware/flogo-lib v0.5.6/go.mod h1:AE7tfFBvQNemM61frHCwTJYBWC9+iXohXyqrApe6xj4=
github.com/adlio/trello v0.0.0-20180621142300-8a458717123e h1:i5+hZJx4iTPT4+ojV5zi50UIPUxs7CH8r+P3BFB4Ofs=
github.com/adlio/trello v0.0.0-20180621142300-8a458717123e/go.mod h1:VjzhFGdnEJGih1AsIWi/yU6y01yZh0DuEWCNAyOJ1WE=
github.com/aws/aws-lambda-go v1.6.0 h1:T+u/g79zPKw1oJM7xYhvpq7i4Sjc0iVsXZUaqRVVSOg=
github.com/aws/aws-lambda-go v1.6.0/go.mod h1:zUsUQhAUjYzR8AuduJPCfhBuKWUaDbQiPOG+ouzmE1A=
github.com/aws/aws-sdk-go v1.15.37 h1:s5DPxjRQ45Kw1jxuk7vuHQ3XKj8XIgCmGjgxP0VPLeU=
github.com/aws/aws-sdk-go v1.15.37/go.mod h1:mFuSZ37Z9YOHbQEwBWztmVzqXrEkub65tZoCYDt7FT0=
github.com/go-ini/ini v1.25.4 h1:Mujh4R/dH6YL8bxuISne3xX2+qcQ9p0IxKAP6ExWoUo=
github.com/go-ini/ini v1.25.4/go.mod h1:ByCAeIL28uOIIG0E3PJtZPDL8WnHpFKFOtgjp+3Ies8=
github.com/jmespath/go-jmespath v0.0.0-20160202185014-0b12d6b521d8 h1:12VvqtR6Aowv3l/EQUlocDHW2Cp4G9WJVH7uyH8QFJE=
github.com/jmespath/go-jmespath v0.0.0-20160202185014-0b12d6b521d8/go.mod h1:Nht3zPeWKUH0NzdCt2Blrr5ys8VGpn0CEB0cQHVjt7k=
github.com/pkg/errors v0.8.0 h1:WdK/asTD0HN+q6hsWO3/vpuAkAr+tw6aNJNDFFf0+qw=
github.com/pkg/errors v0.8.0/go.mod h1:bwawxfHBFNV+L2hUp1rHADufV3IMtnDRdf1r5NINEl0=
github.com/retgits/flogo-components v0.0.0-20180909225422-bc7b1b2beec3 h1:AGo2s7jiZEWIrMQ4Bni2z4Eo38uctBWvkNpTmhI8sN8=
github.com/retgits/flogo-components v0.0.0-20180909225422-bc7b1b2beec3/go.mod h1:sY0sAGbECKdNWvuHD+ybE8BevIMS8eQru5Co64aCeBc=
golang.org/x/crypto v0.0.0-20180910181607-0e37d006457b h1:2b9XGzhjiYsYPnKXoEfL7klWZQIt8IfyRCz62gCqqlQ=
golang.org/x/crypto v0.0.0-20180910181607-0e37d006457b/go.mod h1:6SG95UA2DQfeDnfUPMdvaQW0Q7yPrPDi9nlGo2tz2b4=
golang.org/x/sys v0.0.0-20180918153733-ee1b12c67af4 h1:h8ij2QOL81JqJ/Vi5Ru+hl4a1yct8+XDGrgBhG0XbuE=
golang.org/x/sys v0.0.0-20180918153733-ee1b12c67af4/go.mod h1:STP8DvDyc/dI5b8T5hshtkjS+E42TnysNCUPdjciGhY=
